
Microsoft Visual Studio Solution File, Format Version 12.00
# Visual Studio Version 17
VisualStudioVersion = 17.11.35312.102
MinimumVisualStudioVersion = 10.0.40219.1
Project("{FAE04EC0-301F-11D3-BF4B-00C04F79EFBC}") = "EmployeeLoginDetails", "EmployeeLoginDetails\EmployeeLoginDetails.csproj", "{A6A09874-C575-4E97-A3D8-562A2BE8217C}"
EndProject
Global
	GlobalSection(SolutionConfigurationPlatforms) = preSolution
		Debug|Any CPU = Debug|Any CPU
		Release|Any CPU = Release|Any CPU
	EndGlobalSection
	GlobalSection(ProjectConfigurationPlatforms) = postSolution
		{A6A09874-C575-4E97-A3D8-562A2BE8217C}.Debug|Any CPU.ActiveCfg = Debug|Any CPU
		{A6A09874-C575-4E97-A3D8-562A2BE8217C}.Debug|Any CPU.Build.0 = Debug|Any CPU
		{A6A09874-C575-4E97-A3D8-562A2BE8217C}.Release|Any CPU.ActiveCfg = Release|Any CPU
		{A6A09874-C575-4E97-A3D8-562A2BE8217C}.Release|Any CPU.Build.0 = Release|Any CPU
	EndGlobalSection
	GlobalSection(SolutionProperties) = preSolution
		HideSolutionNode = FALSE
	EndGlobalSection
	GlobalSection(ExtensibilityGlobals) = postSolution
		SolutionGuid = {EE41282E-AD6A-4B58-8BC6-622FF7605173}
	EndGlobalSection
EndGlobal
